// !$*UTF8*$!
{
	archiveVersion = 1;
	classes = {
	};
	objectVersion = 50;
	objects = {

/* Begin PBXBuildFile section */
		0D460DDE0CCF1A78431582D5 /* Pods_Rocket_Chat_iOSWatch_WatchKit_Extension.framework in Frameworks */ = {isa = PBXBuildFile; fileRef = 3718B70A774D9FE81FD02389 /* Pods_Rocket_Chat_iOSWatch_WatchKit_Extension.framework */; };
		7B4BB8E91DBA8EADD3A07599 /* Pods_Rocket_Chat_iOSWatch_WatchKit_App.framework in Frameworks */ = {isa = PBXBuildFile; fileRef = E83003549AEF6E9CEC080E8E /* Pods_Rocket_Chat_iOSWatch_WatchKit_App.framework */; };
		9F1837E897F8C1ABB178131C /* Pods_Rocket_Chat_iOSWatchUITests.framework in Frameworks */ = {isa = PBXBuildFile; fileRef = DC69F3F798433A9C8AD2671B /* Pods_Rocket_Chat_iOSWatchUITests.framework */; };
		A651D3A1A1C79BC23BAB0343 /* Pods_Rocket_Chat_iOSWatch.framework in Frameworks */ = {isa = PBXBuildFile; fileRef = 1465612E5A642325C7926F22 /* Pods_Rocket_Chat_iOSWatch.framework */; };
		B08600068E375E99E9B18154 /* Pods_Rocket_Chat_iOSWatchTests.framework in Frameworks */ = {isa = PBXBuildFile; fileRef = 7B262630FF8F4B66717379A7 /* Pods_Rocket_Chat_iOSWatchTests.framework */; };
		E201862D2249803700A8A7CA /* API+User.swift in Sources */ = {isa = PBXBuildFile; fileRef = E201862C2249803700A8A7CA /* API+User.swift */; };
		E201862F2249966900A8A7CA /* channelNameRowController.swift in Sources */ = {isa = PBXBuildFile; fileRef = E201862E2249966900A8A7CA /* channelNameRowController.swift */; };
		E21A093322482E16004328CB /* AppDelegate.swift in Sources */ = {isa = PBXBuildFile; fileRef = E21A093222482E16004328CB /* AppDelegate.swift */; };
		E21A093522482E16004328CB /* ViewController.swift in Sources */ = {isa = PBXBuildFile; fileRef = E21A093422482E16004328CB /* ViewController.swift */; };
		E21A093822482E16004328CB /* Main.storyboard in Resources */ = {isa = PBXBuildFile; fileRef = E21A093622482E16004328CB /* Main.storyboard */; };
		E21A093A22482E18004328CB /* Assets.xcassets in Resources */ = {isa = PBXBuildFile; fileRef = E21A093922482E18004328CB /* Assets.xcassets */; };
		E21A093D22482E18004328CB /* LaunchScreen.storyboard in Resources */ = {isa = PBXBuildFile; fileRef = E21A093B22482E18004328CB /* LaunchScreen.storyboard */; };
		E21A094822482E18004328CB /* Rocket_Chat_iOSWatchTests.swift in Sources */ = {isa = PBXBuildFile; fileRef = E21A094722482E18004328CB /* Rocket_Chat_iOSWatchTests.swift */; };
		E21A095322482E19004328CB /* Rocket_Chat_iOSWatchUITests.swift in Sources */ = {isa = PBXBuildFile; fileRef = E21A095222482E19004328CB /* Rocket_Chat_iOSWatchUITests.swift */; };
		E21A095822482E19004328CB /* Rocket.Chat.iOSWatch WatchKit App.app in Embed Watch Content */ = {isa = PBXBuildFile; fileRef = E21A095722482E19004328CB /* Rocket.Chat.iOSWatch WatchKit App.app */; };
		E21A095E22482E19004328CB /* Interface.storyboard in Resources */ = {isa = PBXBuildFile; fileRef = E21A095C22482E19004328CB /* Interface.storyboard */; };
		E21A096022482E19004328CB /* Assets.xcassets in Resources */ = {isa = PBXBuildFile; fileRef = E21A095F22482E19004328CB /* Assets.xcassets */; };
		E21A096722482E19004328CB /* Rocket.Chat.iOSWatch WatchKit Extension.appex in Embed App Extensions */ = {isa = PBXBuildFile; fileRef = E21A096622482E19004328CB /* Rocket.Chat.iOSWatch WatchKit Extension.appex */; settings = {ATTRIBUTES = (RemoveHeadersOnCopy, ); }; };
		E21A096C22482E19004328CB /* InterfaceController.swift in Sources */ = {isa = PBXBuildFile; fileRef = E21A096B22482E19004328CB /* InterfaceController.swift */; };
		E21A096E22482E19004328CB /* ExtensionDelegate.swift in Sources */ = {isa = PBXBuildFile; fileRef = E21A096D22482E19004328CB /* ExtensionDelegate.swift */; };
		E21A097022482E19004328CB /* NotificationController.swift in Sources */ = {isa = PBXBuildFile; fileRef = E21A096F22482E19004328CB /* NotificationController.swift */; };
		E21A097222482E19004328CB /* ComplicationController.swift in Sources */ = {isa = PBXBuildFile; fileRef = E21A097122482E19004328CB /* ComplicationController.swift */; };
		E21A097422482E1A004328CB /* Assets.xcassets in Resources */ = {isa = PBXBuildFile; fileRef = E21A097322482E1A004328CB /* Assets.xcassets */; };
/* End PBXBuildFile section */

/* Begin PBXContainerItemProxy section */
		E21A094422482E18004328CB /* PBXContainerItemProxy */ = {
			isa = PBXContainerItemProxy;
			containerPortal = E21A092722482E16004328CB /* Project object */;
			proxyType = 1;
			remoteGlobalIDString = E21A092E22482E16004328CB;
			remoteInfo = Rocket.Chat.iOSWatch;
		};
		E21A094F22482E18004328CB /* PBXContainerItemProxy */ = {
			isa = PBXContainerItemProxy;
			containerPortal = E21A092722482E16004328CB /* Project object */;
			proxyType = 1;
			remoteGlobalIDString = E21A092E22482E16004328CB;
			remoteInfo = Rocket.Chat.iOSWatch;
		};
		E21A095922482E19004328CB /* PBXContainerItemProxy */ = {
			isa = PBXContainerItemProxy;
			containerPortal = E21A092722482E16004328CB /* Project object */;
			proxyType = 1;
			remoteGlobalIDString = E21A095622482E19004328CB;
			remoteInfo = "Rocket.Chat.iOSWatch WatchKit App";
		};
		E21A096822482E19004328CB /* PBXContainerItemProxy */ = {
			isa = PBXContainerItemProxy;
			containerPortal = E21A092722482E16004328CB /* Project object */;
			proxyType = 1;
			remoteGlobalIDString = E21A096522482E19004328CB;
			remoteInfo = "Rocket.Chat.iOSWatch WatchKit Extension";
		};
/* End PBXContainerItemProxy section */

/* Begin PBXCopyFilesBuildPhase section */
		E21A097C22482E1A004328CB /* Embed App Extensions */ = {
			isa = PBXCopyFilesBuildPhase;
			buildActionMask = 2147483647;
			dstPath = "";
			dstSubfolderSpec = 13;
			files = (
				E21A096722482E19004328CB /* Rocket.Chat.iOSWatch WatchKit Extension.appex in Embed App Extensions */,
			);
			name = "Embed App Extensions";
			runOnlyForDeploymentPostprocessing = 0;
		};
		E21A098022482E1A004328CB /* Embed Watch Content */ = {
			isa = PBXCopyFilesBuildPhase;
			buildActionMask = 2147483647;
			dstPath = "$(CONTENTS_FOLDER_PATH)/Watch";
			dstSubfolderSpec = 16;
			files = (
				E21A095822482E19004328CB /* Rocket.Chat.iOSWatch WatchKit App.app in Embed Watch Content */,
			);
			name = "Embed Watch Content";
			runOnlyForDeploymentPostprocessing = 0;
		};
/* End PBXCopyFilesBuildPhase section */

/* Begin PBXFileReference section */
		1465612E5A642325C7926F22 /* Pods_Rocket_Chat_iOSWatch.framework */ = {isa = PBXFileReference; explicitFileType = wrapper.framework; includeInIndex = 0; path = Pods_Rocket_Chat_iOSWatch.framework; sourceTree = BUILT_PRODUCTS_DIR; };
		176654B9BDCC3E5A13F18BBB /* Pods-Rocket.Chat.iOSWatch WatchKit App.debug.xcconfig */ = {isa = PBXFileReference; includeInIndex = 1; lastKnownFileType = text.xcconfig; name = "Pods-Rocket.Chat.iOSWatch WatchKit App.debug.xcconfig"; path = "Pods/Target Support Files/Pods-Rocket.Chat.iOSWatch WatchKit App/Pods-Rocket.Chat.iOSWatch WatchKit App.debug.xcconfig"; sourceTree = "<group>"; };
		3718B70A774D9FE81FD02389 /* Pods_Rocket_Chat_iOSWatch_WatchKit_Extension.framework */ = {isa = PBXFileReference; explicitFileType = wrapper.framework; includeInIndex = 0; path = Pods_Rocket_Chat_iOSWatch_WatchKit_Extension.framework; sourceTree = BUILT_PRODUCTS_DIR; };
		5AE47BCD7FADFC5EF01CCB26 /* Pods-Rocket.Chat.iOSWatch WatchKit Extension.release.xcconfig */ = {isa = PBXFileReference; includeInIndex = 1; lastKnownFileType = text.xcconfig; name = "Pods-Rocket.Chat.iOSWatch WatchKit Extension.release.xcconfig"; path = "Pods/Target Support Files/Pods-Rocket.Chat.iOSWatch WatchKit Extension/Pods-Rocket.Chat.iOSWatch WatchKit Extension.release.xcconfig"; sourceTree = "<group>"; };
		6E568469621F50C1133FEBAE /* Pods-Rocket.Chat.iOSWatchTests.release.xcconfig */ = {isa = PBXFileReference; includeInIndex = 1; lastKnownFileType = text.xcconfig; name = "Pods-Rocket.Chat.iOSWatchTests.release.xcconfig"; path = "Pods/Target Support Files/Pods-Rocket.Chat.iOSWatchTests/Pods-Rocket.Chat.iOSWatchTests.release.xcconfig"; sourceTree = "<group>"; };
		7895D4E6FC96257BC659455F /* Pods-Rocket.Chat.iOSWatchTests.debug.xcconfig */ = {isa = PBXFileReference; includeInIndex = 1; lastKnownFileType = text.xcconfig; name = "Pods-Rocket.Chat.iOSWatchTests.debug.xcconfig"; path = "Pods/Target Support Files/Pods-Rocket.Chat.iOSWatchTests/Pods-Rocket.Chat.iOSWatchTests.debug.xcconfig"; sourceTree = "<group>"; };
		7B262630FF8F4B66717379A7 /* Pods_Rocket_Chat_iOSWatchTests.framework */ = {isa = PBXFileReference; explicitFileType = wrapper.framework; includeInIndex = 0; path = Pods_Rocket_Chat_iOSWatchTests.framework; sourceTree = BUILT_PRODUCTS_DIR; };
		AF652207567545259C90E54C /* Pods-Rocket.Chat.iOSWatchUITests.release.xcconfig */ = {isa = PBXFileReference; includeInIndex = 1; lastKnownFileType = text.xcconfig; name = "Pods-Rocket.Chat.iOSWatchUITests.release.xcconfig"; path = "Pods/Target Support Files/Pods-Rocket.Chat.iOSWatchUITests/Pods-Rocket.Chat.iOSWatchUITests.release.xcconfig"; sourceTree = "<group>"; };
		B291B11942E1592909D575A6 /* Pods-Rocket.Chat.iOSWatch WatchKit Extension.debug.xcconfig */ = {isa = PBXFileReference; includeInIndex = 1; lastKnownFileType = text.xcconfig; name = "Pods-Rocket.Chat.iOSWatch WatchKit Extension.debug.xcconfig"; path = "Pods/Target Support Files/Pods-Rocket.Chat.iOSWatch WatchKit Extension/Pods-Rocket.Chat.iOSWatch WatchKit Extension.debug.xcconfig"; sourceTree = "<group>"; };
		C07FDBF5EB91C90E20FB84FA /* Pods-Rocket.Chat.iOSWatch.release.xcconfig */ = {isa = PBXFileReference; includeInIndex = 1; lastKnownFileType = text.xcconfig; name = "Pods-Rocket.Chat.iOSWatch.release.xcconfig"; path = "Pods/Target Support Files/Pods-Rocket.Chat.iOSWatch/Pods-Rocket.Chat.iOSWatch.release.xcconfig"; sourceTree = "<group>"; };
		DC69F3F798433A9C8AD2671B /* Pods_Rocket_Chat_iOSWatchUITests.framework */ = {isa = PBXFileReference; explicitFileType = wrapper.framework; includeInIndex = 0; path = Pods_Rocket_Chat_iOSWatchUITests.framework; sourceTree = BUILT_PRODUCTS_DIR; };
		E201862C2249803700A8A7CA /* API+User.swift */ = {isa = PBXFileReference; lastKnownFileType = sourcecode.swift; path = "API+User.swift"; sourceTree = "<group>"; };
		E201862E2249966900A8A7CA /* channelNameRowController.swift */ = {isa = PBXFileReference; lastKnownFileType = sourcecode.swift; path = channelNameRowController.swift; sourceTree = "<group>"; };
		E21A092F22482E16004328CB /* Rocket.Chat.iOSWatch.app */ = {isa = PBXFileReference; explicitFileType = wrapper.application; includeInIndex = 0; path = Rocket.Chat.iOSWatch.app; sourceTree = BUILT_PRODUCTS_DIR; };
		E21A093222482E16004328CB /* AppDelegate.swift */ = {isa = PBXFileReference; lastKnownFileType = sourcecode.swift; path = AppDelegate.swift; sourceTree = "<group>"; };
		E21A093422482E16004328CB /* ViewController.swift */ = {isa = PBXFileReference; lastKnownFileType = sourcecode.swift; path = ViewController.swift; sourceTree = "<group>"; };
		E21A093722482E16004328CB /* Base */ = {isa = PBXFileReference; lastKnownFileType = file.storyboard; name = Base; path = Base.lproj/Main.storyboard; sourceTree = "<group>"; };
		E21A093922482E18004328CB /* Assets.xcassets */ = {isa = PBXFileReference; lastKnownFileType = folder.assetcatalog; path = Assets.xcassets; sourceTree = "<group>"; };
		E21A093C22482E18004328CB /* Base */ = {isa = PBXFileReference; lastKnownFileType = file.storyboard; name = Base; path = Base.lproj/LaunchScreen.storyboard; sourceTree = "<group>"; };
		E21A093E22482E18004328CB /* Info.plist */ = {isa = PBXFileReference; lastKnownFileType = text.plist.xml; path = Info.plist; sourceTree = "<group>"; };
		E21A094322482E18004328CB /* Rocket.Chat.iOSWatchTests.xctest */ = {isa = PBXFileReference; explicitFileType = wrapper.cfbundle; includeInIndex = 0; path = Rocket.Chat.iOSWatchTests.xctest; sourceTree = BUILT_PRODUCTS_DIR; };
		E21A094722482E18004328CB /* Rocket_Chat_iOSWatchTests.swift */ = {isa = PBXFileReference; lastKnownFileType = sourcecode.swift; path = Rocket_Chat_iOSWatchTests.swift; sourceTree = "<group>"; };
		E21A094922482E18004328CB /* Info.plist */ = {isa = PBXFileReference; lastKnownFileType = text.plist.xml; path = Info.plist; sourceTree = "<group>"; };
		E21A094E22482E18004328CB /* Rocket.Chat.iOSWatchUITests.xctest */ = {isa = PBXFileReference; explicitFileType = wrapper.cfbundle; includeInIndex = 0; path = Rocket.Chat.iOSWatchUITests.xctest; sourceTree = BUILT_PRODUCTS_DIR; };
		E21A095222482E19004328CB /* Rocket_Chat_iOSWatchUITests.swift */ = {isa = PBXFileReference; lastKnownFileType = sourcecode.swift; path = Rocket_Chat_iOSWatchUITests.swift; sourceTree = "<group>"; };
		E21A095422482E19004328CB /* Info.plist */ = {isa = PBXFileReference; lastKnownFileType = text.plist.xml; path = Info.plist; sourceTree = "<group>"; };
		E21A095722482E19004328CB /* Rocket.Chat.iOSWatch WatchKit App.app */ = {isa = PBXFileReference; explicitFileType = wrapper.application; includeInIndex = 0; path = "Rocket.Chat.iOSWatch WatchKit App.app"; sourceTree = BUILT_PRODUCTS_DIR; };
		E21A095D22482E19004328CB /* Base */ = {isa = PBXFileReference; lastKnownFileType = file.storyboard; name = Base; path = Base.lproj/Interface.storyboard; sourceTree = "<group>"; };
		E21A095F22482E19004328CB /* Assets.xcassets */ = {isa = PBXFileReference; lastKnownFileType = folder.assetcatalog; path = Assets.xcassets; sourceTree = "<group>"; };
		E21A096122482E19004328CB /* Info.plist */ = {isa = PBXFileReference; lastKnownFileType = text.plist.xml; path = Info.plist; sourceTree = "<group>"; };
		E21A096622482E19004328CB /* Rocket.Chat.iOSWatch WatchKit Extension.appex */ = {isa = PBXFileReference; explicitFileType = "wrapper.app-extension"; includeInIndex = 0; path = "Rocket.Chat.iOSWatch WatchKit Extension.appex"; sourceTree = BUILT_PRODUCTS_DIR; };
		E21A096B22482E19004328CB /* InterfaceController.swift */ = {isa = PBXFileReference; lastKnownFileType = sourcecode.swift; path = InterfaceController.swift; sourceTree = "<group>"; };
		E21A096D22482E19004328CB /* ExtensionDelegate.swift */ = {isa = PBXFileReference; lastKnownFileType = sourcecode.swift; path = ExtensionDelegate.swift; sourceTree = "<group>"; };
		E21A096F22482E19004328CB /* NotificationController.swift */ = {isa = PBXFileReference; lastKnownFileType = sourcecode.swift; path = NotificationController.swift; sourceTree = "<group>"; };
		E21A097122482E19004328CB /* ComplicationController.swift */ = {isa = PBXFileReference; lastKnownFileType = sourcecode.swift; path = ComplicationController.swift; sourceTree = "<group>"; };
		E21A097322482E1A004328CB /* Assets.xcassets */ = {isa = PBXFileReference; lastKnownFileType = folder.assetcatalog; path = Assets.xcassets; sourceTree = "<group>"; };
		E21A097522482E1A004328CB /* Info.plist */ = {isa = PBXFileReference; lastKnownFileType = text.plist.xml; path = Info.plist; sourceTree = "<group>"; };
		E21A097622482E1A004328CB /* PushNotificationPayload.apns */ = {isa = PBXFileReference; lastKnownFileType = text; path = PushNotificationPayload.apns; sourceTree = "<group>"; };
		E83003549AEF6E9CEC080E8E /* Pods_Rocket_Chat_iOSWatch_WatchKit_App.framework */ = {isa = PBXFileReference; explicitFileType = wrapper.framework; includeInIndex = 0; path = Pods_Rocket_Chat_iOSWatch_WatchKit_App.framework; sourceTree = BUILT_PRODUCTS_DIR; };
		EB8EB6E8682F309119ED19DE /* Pods-Rocket.Chat.iOSWatch WatchKit App.release.xcconfig */ = {isa = PBXFileReference; includeInIndex = 1; lastKnownFileType = text.xcconfig; name = "Pods-Rocket.Chat.iOSWatch WatchKit App.release.xcconfig"; path = "Pods/Target Support Files/Pods-Rocket.Chat.iOSWatch WatchKit App/Pods-Rocket.Chat.iOSWatch WatchKit App.release.xcconfig"; sourceTree = "<group>"; };
		F67C8CF3CE83127B9D8D401C /* Pods-Rocket.Chat.iOSWatch.debug.xcconfig */ = {isa = PBXFileReference; includeInIndex = 1; lastKnownFileType = text.xcconfig; name = "Pods-Rocket.Chat.iOSWatch.debug.xcconfig"; path = "Pods/Target Support Files/Pods-Rocket.Chat.iOSWatch/Pods-Rocket.Chat.iOSWatch.debug.xcconfig"; sourceTree = "<group>"; };
		F7A4F884A5643764025BC952 /* Pods-Rocket.Chat.iOSWatchUITests.debug.xcconfig */ = {isa = PBXFileReference; includeInIndex = 1; lastKnownFileType = text.xcconfig; name = "Pods-Rocket.Chat.iOSWatchUITests.debug.xcconfig"; path = "Pods/Target Support Files/Pods-Rocket.Chat.iOSWatchUITests/Pods-Rocket.Chat.iOSWatchUITests.debug.xcconfig"; sourceTree = "<group>"; };
/* End PBXFileReference section */

/* Begin PBXFrameworksBuildPhase section */
		99C781A20FBED061A2189B95 /* Frameworks */ = {
			isa = PBXFrameworksBuildPhase;
			buildActionMask = 2147483647;
			files = (
				7B4BB8E91DBA8EADD3A07599 /* Pods_Rocket_Chat_iOSWatch_WatchKit_App.framework in Frameworks */,
			);
			runOnlyForDeploymentPostprocessing = 0;
		};
		E21A092C22482E16004328CB /* Frameworks */ = {
			isa = PBXFrameworksBuildPhase;
			buildActionMask = 2147483647;
			files = (
				A651D3A1A1C79BC23BAB0343 /* Pods_Rocket_Chat_iOSWatch.framework in Frameworks */,
			);
			runOnlyForDeploymentPostprocessing = 0;
		};
		E21A094022482E18004328CB /* Frameworks */ = {
			isa = PBXFrameworksBuildPhase;
			buildActionMask = 2147483647;
			files = (
				B08600068E375E99E9B18154 /* Pods_Rocket_Chat_iOSWatchTests.framework in Frameworks */,
			);
			runOnlyForDeploymentPostprocessing = 0;
		};
		E21A094B22482E18004328CB /* Frameworks */ = {
			isa = PBXFrameworksBuildPhase;
			buildActionMask = 2147483647;
			files = (
				9F1837E897F8C1ABB178131C /* Pods_Rocket_Chat_iOSWatchUITests.framework in Frameworks */,
			);
			runOnlyForDeploymentPostprocessing = 0;
		};
		E21A096322482E19004328CB /* Frameworks */ = {
			isa = PBXFrameworksBuildPhase;
			buildActionMask = 2147483647;
			files = (
				0D460DDE0CCF1A78431582D5 /* Pods_Rocket_Chat_iOSWatch_WatchKit_Extension.framework in Frameworks */,
			);
			runOnlyForDeploymentPostprocessing = 0;
		};
/* End PBXFrameworksBuildPhase section */

/* Begin PBXGroup section */
		BF0CA37902BF9AF835F4ED9B /* Frameworks */ = {
			isa = PBXGroup;
			children = (
				1465612E5A642325C7926F22 /* Pods_Rocket_Chat_iOSWatch.framework */,
				E83003549AEF6E9CEC080E8E /* Pods_Rocket_Chat_iOSWatch_WatchKit_App.framework */,
				3718B70A774D9FE81FD02389 /* Pods_Rocket_Chat_iOSWatch_WatchKit_Extension.framework */,
				7B262630FF8F4B66717379A7 /* Pods_Rocket_Chat_iOSWatchTests.framework */,
				DC69F3F798433A9C8AD2671B /* Pods_Rocket_Chat_iOSWatchUITests.framework */,
			);
			name = Frameworks;
			sourceTree = "<group>";
		};
		D06C4AD46FA276A1D0C7676D /* Pods */ = {
			isa = PBXGroup;
			children = (
				F67C8CF3CE83127B9D8D401C /* Pods-Rocket.Chat.iOSWatch.debug.xcconfig */,
				C07FDBF5EB91C90E20FB84FA /* Pods-Rocket.Chat.iOSWatch.release.xcconfig */,
				176654B9BDCC3E5A13F18BBB /* Pods-Rocket.Chat.iOSWatch WatchKit App.debug.xcconfig */,
				EB8EB6E8682F309119ED19DE /* Pods-Rocket.Chat.iOSWatch WatchKit App.release.xcconfig */,
				B291B11942E1592909D575A6 /* Pods-Rocket.Chat.iOSWatch WatchKit Extension.debug.xcconfig */,
				5AE47BCD7FADFC5EF01CCB26 /* Pods-Rocket.Chat.iOSWatch WatchKit Extension.release.xcconfig */,
				7895D4E6FC96257BC659455F /* Pods-Rocket.Chat.iOSWatchTests.debug.xcconfig */,
				6E568469621F50C1133FEBAE /* Pods-Rocket.Chat.iOSWatchTests.release.xcconfig */,
				F7A4F884A5643764025BC952 /* Pods-Rocket.Chat.iOSWatchUITests.debug.xcconfig */,
				AF652207567545259C90E54C /* Pods-Rocket.Chat.iOSWatchUITests.release.xcconfig */,
			);
			name = Pods;
			sourceTree = "<group>";
		};
		E21A092622482E16004328CB = {
			isa = PBXGroup;
			children = (
				E21A093122482E16004328CB /* Rocket.Chat.iOSWatch */,
				E21A094622482E18004328CB /* Rocket.Chat.iOSWatchTests */,
				E21A095122482E18004328CB /* Rocket.Chat.iOSWatchUITests */,
				E21A095B22482E19004328CB /* Rocket.Chat.iOSWatch WatchKit App */,
				E21A096A22482E19004328CB /* Rocket.Chat.iOSWatch WatchKit Extension */,
				E21A093022482E16004328CB /* Products */,
				D06C4AD46FA276A1D0C7676D /* Pods */,
				BF0CA37902BF9AF835F4ED9B /* Frameworks */,
			);
			sourceTree = "<group>";
		};
		E21A093022482E16004328CB /* Products */ = {
			isa = PBXGroup;
			children = (
				E21A092F22482E16004328CB /* Rocket.Chat.iOSWatch.app */,
				E21A094322482E18004328CB /* Rocket.Chat.iOSWatchTests.xctest */,
				E21A094E22482E18004328CB /* Rocket.Chat.iOSWatchUITests.xctest */,
				E21A095722482E19004328CB /* Rocket.Chat.iOSWatch WatchKit App.app */,
				E21A096622482E19004328CB /* Rocket.Chat.iOSWatch WatchKit Extension.appex */,
			);
			name = Products;
			sourceTree = "<group>";
		};
		E21A093122482E16004328CB /* Rocket.Chat.iOSWatch */ = {
			isa = PBXGroup;
			children = (
				E21A093222482E16004328CB /* AppDelegate.swift */,
				E21A093422482E16004328CB /* ViewController.swift */,
				E21A093622482E16004328CB /* Main.storyboard */,
				E21A093922482E18004328CB /* Assets.xcassets */,
				E21A093B22482E18004328CB /* LaunchScreen.storyboard */,
				E21A093E22482E18004328CB /* Info.plist */,
			);
			path = Rocket.Chat.iOSWatch;
			sourceTree = "<group>";
		};
		E21A094622482E18004328CB /* Rocket.Chat.iOSWatchTests */ = {
			isa = PBXGroup;
			children = (
				E21A094722482E18004328CB /* Rocket_Chat_iOSWatchTests.swift */,
				E21A094922482E18004328CB /* Info.plist */,
			);
			path = Rocket.Chat.iOSWatchTests;
			sourceTree = "<group>";
		};
		E21A095122482E18004328CB /* Rocket.Chat.iOSWatchUITests */ = {
			isa = PBXGroup;
			children = (
				E21A095222482E19004328CB /* Rocket_Chat_iOSWatchUITests.swift */,
				E21A095422482E19004328CB /* Info.plist */,
			);
			path = Rocket.Chat.iOSWatchUITests;
			sourceTree = "<group>";
		};
		E21A095B22482E19004328CB /* Rocket.Chat.iOSWatch WatchKit App */ = {
			isa = PBXGroup;
			children = (
				E21A095C22482E19004328CB /* Interface.storyboard */,
				E21A095F22482E19004328CB /* Assets.xcassets */,
				E21A096122482E19004328CB /* Info.plist */,
			);
			path = "Rocket.Chat.iOSWatch WatchKit App";
			sourceTree = "<group>";
		};
		E21A096A22482E19004328CB /* Rocket.Chat.iOSWatch WatchKit Extension */ = {
			isa = PBXGroup;
			children = (
				E201862C2249803700A8A7CA /* API+User.swift */,
				E21A096B22482E19004328CB /* InterfaceController.swift */,
				E21A096D22482E19004328CB /* ExtensionDelegate.swift */,
				E21A096F22482E19004328CB /* NotificationController.swift */,
				E21A097122482E19004328CB /* ComplicationController.swift */,
				E21A097322482E1A004328CB /* Assets.xcassets */,
				E21A097522482E1A004328CB /* Info.plist */,
				E21A097622482E1A004328CB /* PushNotificationPayload.apns */,
				E201862E2249966900A8A7CA /* channelNameRowController.swift */,
			);
			path = "Rocket.Chat.iOSWatch WatchKit Extension";
			sourceTree = "<group>";
		};
/* End PBXGroup section */

/* Begin PBXNativeTarget section */
		E21A092E22482E16004328CB /* Rocket.Chat.iOSWatch */ = {
			isa = PBXNativeTarget;
			buildConfigurationList = E21A098122482E1A004328CB /* Build configuration list for PBXNativeTarget "Rocket.Chat.iOSWatch" */;
			buildPhases = (
				9EDA91F9E75EC7704C987857 /* [CP] Check Pods Manifest.lock */,
				E21A092B22482E16004328CB /* Sources */,
				E21A092C22482E16004328CB /* Frameworks */,
				E21A092D22482E16004328CB /* Resources */,
				E21A098022482E1A004328CB /* Embed Watch Content */,
				9CD4561D841D018322BDC52F /* [CP] Embed Pods Frameworks */,
			);
			buildRules = (
			);
			dependencies = (
				E21A095A22482E19004328CB /* PBXTargetDependency */,
			);
			name = Rocket.Chat.iOSWatch;
			productName = Rocket.Chat.iOSWatch;
			productReference = E21A092F22482E16004328CB /* Rocket.Chat.iOSWatch.app */;
			productType = "com.apple.product-type.application";
		};
		E21A094222482E18004328CB /* Rocket.Chat.iOSWatchTests */ = {
			isa = PBXNativeTarget;
			buildConfigurationList = E21A098422482E1A004328CB /* Build configuration list for PBXNativeTarget "Rocket.Chat.iOSWatchTests" */;
			buildPhases = (
				ACF510CA4DB49E0824382FA0 /* [CP] Check Pods Manifest.lock */,
				E21A093F22482E18004328CB /* Sources */,
				E21A094022482E18004328CB /* Frameworks */,
				E21A094122482E18004328CB /* Resources */,
			);
			buildRules = (
			);
			dependencies = (
				E21A094522482E18004328CB /* PBXTargetDependency */,
			);
			name = Rocket.Chat.iOSWatchTests;
			productName = Rocket.Chat.iOSWatchTests;
			productReference = E21A094322482E18004328CB /* Rocket.Chat.iOSWatchTests.xctest */;
			productType = "com.apple.product-type.bundle.unit-test";
		};
		E21A094D22482E18004328CB /* Rocket.Chat.iOSWatchUITests */ = {
			isa = PBXNativeTarget;
			buildConfigurationList = E21A098722482E1A004328CB /* Build configuration list for PBXNativeTarget "Rocket.Chat.iOSWatchUITests" */;
			buildPhases = (
				0F37451383F38C79E3773ABE /* [CP] Check Pods Manifest.lock */,
				E21A094A22482E18004328CB /* Sources */,
				E21A094B22482E18004328CB /* Frameworks */,
				E21A094C22482E18004328CB /* Resources */,
			);
			buildRules = (
			);
			dependencies = (
				E21A095022482E18004328CB /* PBXTargetDependency */,
			);
			name = Rocket.Chat.iOSWatchUITests;
			productName = Rocket.Chat.iOSWatchUITests;
			productReference = E21A094E22482E18004328CB /* Rocket.Chat.iOSWatchUITests.xctest */;
			productType = "com.apple.product-type.bundle.ui-testing";
		};
		E21A095622482E19004328CB /* Rocket.Chat.iOSWatch WatchKit App */ = {
			isa = PBXNativeTarget;
			buildConfigurationList = E21A097D22482E1A004328CB /* Build configuration list for PBXNativeTarget "Rocket.Chat.iOSWatch WatchKit App" */;
			buildPhases = (
				77D1DB1FED0999FC344D71D3 /* [CP] Check Pods Manifest.lock */,
				E21A095522482E19004328CB /* Resources */,
				E21A097C22482E1A004328CB /* Embed App Extensions */,
				99C781A20FBED061A2189B95 /* Frameworks */,
			);
			buildRules = (
			);
			dependencies = (
				E21A096922482E19004328CB /* PBXTargetDependency */,
			);
			name = "Rocket.Chat.iOSWatch WatchKit App";
			productName = "Rocket.Chat.iOSWatch WatchKit App";
			productReference = E21A095722482E19004328CB /* Rocket.Chat.iOSWatch WatchKit App.app */;
			productType = "com.apple.product-type.application.watchapp2";
		};
		E21A096522482E19004328CB /* Rocket.Chat.iOSWatch WatchKit Extension */ = {
			isa = PBXNativeTarget;
			buildConfigurationList = E21A097922482E1A004328CB /* Build configuration list for PBXNativeTarget "Rocket.Chat.iOSWatch WatchKit Extension" */;
			buildPhases = (
				20C948C9EA79E39B8E380E0C /* [CP] Check Pods Manifest.lock */,
				E21A096222482E19004328CB /* Sources */,
				E21A096322482E19004328CB /* Frameworks */,
				E21A096422482E19004328CB /* Resources */,
				1CF918D8656831C3CC124098 /* [CP] Embed Pods Frameworks */,
			);
			buildRules = (
			);
			dependencies = (
			);
			name = "Rocket.Chat.iOSWatch WatchKit Extension";
			productName = "Rocket.Chat.iOSWatch WatchKit Extension";
			productReference = E21A096622482E19004328CB /* Rocket.Chat.iOSWatch WatchKit Extension.appex */;
			productType = "com.apple.product-type.watchkit2-extension";
		};
/* End PBXNativeTarget section */

/* Begin PBXProject section */
		E21A092722482E16004328CB /* Project object */ = {
			isa = PBXProject;
			attributes = {
				LastSwiftUpdateCheck = 1000;
				LastUpgradeCheck = 1000;
				ORGANIZATIONNAME = ahmed;
				TargetAttributes = {
					E21A092E22482E16004328CB = {
						CreatedOnToolsVersion = 10.0;
					};
					E21A094222482E18004328CB = {
						CreatedOnToolsVersion = 10.0;
						TestTargetID = E21A092E22482E16004328CB;
					};
					E21A094D22482E18004328CB = {
						CreatedOnToolsVersion = 10.0;
						TestTargetID = E21A092E22482E16004328CB;
					};
					E21A095622482E19004328CB = {
						CreatedOnToolsVersion = 10.0;
					};
					E21A096522482E19004328CB = {
						CreatedOnToolsVersion = 10.0;
					};
				};
			};
			buildConfigurationList = E21A092A22482E16004328CB /* Build configuration list for PBXProject "Rocket.Chat.iOSWatch" */;
			compatibilityVersion = "Xcode 9.3";
			developmentRegion = en;
			hasScannedForEncodings = 0;
			knownRegions = (
				en,
				Base,
			);
			mainGroup = E21A092622482E16004328CB;
			productRefGroup = E21A093022482E16004328CB /* Products */;
			projectDirPath = "";
			projectRoot = "";
			targets = (
				E21A092E22482E16004328CB /* Rocket.Chat.iOSWatch */,
				E21A094222482E18004328CB /* Rocket.Chat.iOSWatchTests */,
				E21A094D22482E18004328CB /* Rocket.Chat.iOSWatchUITests */,
				E21A095622482E19004328CB /* Rocket.Chat.iOSWatch WatchKit App */,
				E21A096522482E19004328CB /* Rocket.Chat.iOSWatch WatchKit Extension */,
			);
		};
/* End PBXProject section */

/* Begin PBXResourcesBuildPhase section */
		E21A092D22482E16004328CB /* Resources */ = {
			isa = PBXResourcesBuildPhase;
			buildActionMask = 2147483647;
			files = (
				E21A093D22482E18004328CB /* LaunchScreen.storyboard in Resources */,
				E21A093A22482E18004328CB /* Assets.xcassets in Resources */,
				E21A093822482E16004328CB /* Main.storyboard in Resources */,
			);
			runOnlyForDeploymentPostprocessing = 0;
		};
		E21A094122482E18004328CB /* Resources */ = {
			isa = PBXResourcesBuildPhase;
			buildActionMask = 2147483647;
			files = (
			);
			runOnlyForDeploymentPostprocessing = 0;
		};
		E21A094C22482E18004328CB /* Resources */ = {
			isa = PBXResourcesBuildPhase;
			buildActionMask = 2147483647;
			files = (
			);
			runOnlyForDeploymentPostprocessing = 0;
		};
		E21A095522482E19004328CB /* Resources */ = {
			isa = PBXResourcesBuildPhase;
			buildActionMask = 2147483647;
			files = (
				E21A096022482E19004328CB /* Assets.xcassets in Resources */,
				E21A095E22482E19004328CB /* Interface.storyboard in Resources */,
			);
			runOnlyForDeploymentPostprocessing = 0;
		};
		E21A096422482E19004328CB /* Resources */ = {
			isa = PBXResourcesBuildPhase;
			buildActionMask = 2147483647;
			files = (
				E21A097422482E1A004328CB /* Assets.xcassets in Resources */,
			);
			runOnlyForDeploymentPostprocessing = 0;
		};
/* End PBXResourcesBuildPhase section */

/* Begin PBXShellScriptBuildPhase section */
		0F37451383F38C79E3773ABE /* [CP] Check Pods Manifest.lock */ = {
			isa = PBXShellScriptBuildPhase;
			buildActionMask = 2147483647;
			files = (
			);
			inputPaths = (
				"${PODS_PODFILE_DIR_PATH}/Podfile.lock",
				"${PODS_ROOT}/Manifest.lock",
			);
			name = "[CP] Check Pods Manifest.lock";
			outputPaths = (
				"$(DERIVED_FILE_DIR)/Pods-Rocket.Chat.iOSWatchUITests-checkManifestLockResult.txt",
			);
			runOnlyForDeploymentPostprocessing = 0;
			shellPath = /bin/sh;
			shellScript = "diff \"${PODS_PODFILE_DIR_PATH}/Podfile.lock\" \"${PODS_ROOT}/Manifest.lock\" > /dev/null\nif [ $? != 0 ] ; then\n    # print error to STDERR\n    echo \"error: The sandbox is not in sync with the Podfile.lock. Run 'pod install' or update your CocoaPods installation.\" >&2\n    exit 1\nfi\n# This output is used by Xcode 'outputs' to avoid re-running this script phase.\necho \"SUCCESS\" > \"${SCRIPT_OUTPUT_FILE_0}\"\n";
			showEnvVarsInLog = 0;
		};
		1CF918D8656831C3CC124098 /* [CP] Embed Pods Frameworks */ = {
			isa = PBXShellScriptBuildPhase;
			buildActionMask = 2147483647;
			files = (
			);
			inputPaths = (
				"${SRCROOT}/Pods/Target Support Files/Pods-Rocket.Chat.iOSWatch WatchKit Extension/Pods-Rocket.Chat.iOSWatch WatchKit Extension-frameworks.sh",
				"${BUILT_PRODUCTS_DIR}/Alamofire-watchOS/Alamofire.framework",
			);
			name = "[CP] Embed Pods Frameworks";
			outputPaths = (
				"${TARGET_BUILD_DIR}/${FRAMEWORKS_FOLDER_PATH}/Alamofire.framework",
			);
			runOnlyForDeploymentPostprocessing = 0;
			shellPath = /bin/sh;
			shellScript = "\"${SRCROOT}/Pods/Target Support Files/Pods-Rocket.Chat.iOSWatch WatchKit Extension/Pods-Rocket.Chat.iOSWatch WatchKit Extension-frameworks.sh\"\n";
			showEnvVarsInLog = 0;
		};
		20C948C9EA79E39B8E380E0C /* [CP] Check Pods Manifest.lock */ = {
			isa = PBXShellScriptBuildPhase;
			buildActionMask = 2147483647;
			files = (
			);
			inputPaths = (
				"${PODS_PODFILE_DIR_PATH}/Podfile.lock",
				"${PODS_ROOT}/Manifest.lock",
			);
			name = "[CP] Check Pods Manifest.lock";
			outputPaths = (
				"$(DERIVED_FILE_DIR)/Pods-Rocket.Chat.iOSWatch WatchKit Extension-checkManifestLockResult.txt",
			);
			runOnlyForDeploymentPostprocessing = 0;
			shellPath = /bin/sh;
			shellScript = "diff \"${PODS_PODFILE_DIR_PATH}/Podfile.lock\" \"${PODS_ROOT}/Manifest.lock\" > /dev/null\nif [ $? != 0 ] ; then\n    # print error to STDERR\n    echo \"error: The sandbox is not in sync with the Podfile.lock. Run 'pod install' or update your CocoaPods installation.\" >&2\n    exit 1\nfi\n# This output is used by Xcode 'outputs' to avoid re-running this script phase.\necho \"SUCCESS\" > \"${SCRIPT_OUTPUT_FILE_0}\"\n";
			showEnvVarsInLog = 0;
		};
		77D1DB1FED0999FC344D71D3 /* [CP] Check Pods Manifest.lock */ = {
			isa = PBXShellScriptBuildPhase;
			buildActionMask = 2147483647;
			files = (
			);
			inputPaths = (
				"${PODS_PODFILE_DIR_PATH}/Podfile.lock",
				"${PODS_ROOT}/Manifest.lock",
			);
			name = "[CP] Check Pods Manifest.lock";
			outputPaths = (
				"$(DERIVED_FILE_DIR)/Pods-Rocket.Chat.iOSWatch WatchKit App-checkManifestLockResult.txt",
			);
			runOnlyForDeploymentPostprocessing = 0;
			shellPath = /bin/sh;
			shellScript = "diff \"${PODS_PODFILE_DIR_PATH}/Podfile.lock\" \"${PODS_ROOT}/Manifest.lock\" > /dev/null\nif [ $? != 0 ] ; then\n    # print error to STDERR\n    echo \"error: The sandbox is not in sync with the Podfile.lock. Run 'pod install' or update your CocoaPods installation.\" >&2\n    exit 1\nfi\n# This output is used by Xcode 'outputs' to avoid re-running this script phase.\necho \"SUCCESS\" > \"${SCRIPT_OUTPUT_FILE_0}\"\n";
			showEnvVarsInLog = 0;
		};
		9CD4561D841D018322BDC52F /* [CP] Embed Pods Frameworks */ = {
			isa = PBXShellScriptBuildPhase;
			buildActionMask = 2147483647;
			files = (
			);
			inputPaths = (
				"${SRCROOT}/Pods/Target Support Files/Pods-Rocket.Chat.iOSWatch/Pods-Rocket.Chat.iOSWatch-frameworks.sh",
				"${BUILT_PRODUCTS_DIR}/Alamofire-iOS/Alamofire.framework",
			);
			name = "[CP] Embed Pods Frameworks";
			outputPaths = (
				"${TARGET_BUILD_DIR}/${FRAMEWORKS_FOLDER_PATH}/Alamofire.framework",
			);
			runOnlyForDeploymentPostprocessing = 0;
			shellPath = /bin/sh;
			shellScript = "\"${SRCROOT}/Pods/Target Support Files/Pods-Rocket.Chat.iOSWatch/Pods-Rocket.Chat.iOSWatch-frameworks.sh\"\n";
			showEnvVarsInLog = 0;
		};
		9EDA91F9E75EC7704C987857 /* [CP] Check Pods Manifest.lock */ = {
			isa = PBXShellScriptBuildPhase;
			buildActionMask = 2147483647;
			files = (
			);
			inputPaths = (
				"${PODS_PODFILE_DIR_PATH}/Podfile.lock",
				"${PODS_ROOT}/Manifest.lock",
			);
			name = "[CP] Check Pods Manifest.lock";
			outputPaths = (
				"$(DERIVED_FILE_DIR)/Pods-Rocket.Chat.iOSWatch-checkManifestLockResult.txt",
			);
			runOnlyForDeploymentPostprocessing = 0;
			shellPath = /bin/sh;
			shellScript = "diff \"${PODS_PODFILE_DIR_PATH}/Podfile.lock\" \"${PODS_ROOT}/Manifest.lock\" > /dev/null\nif [ $? != 0 ] ; then\n    # print error to STDERR\n    echo \"error: The sandbox is not in sync with the Podfile.lock. Run 'pod install' or update your CocoaPods installation.\" >&2\n    exit 1\nfi\n# This output is used by Xcode 'outputs' to avoid re-running this script phase.\necho \"SUCCESS\" > \"${SCRIPT_OUTPUT_FILE_0}\"\n";
			showEnvVarsInLog = 0;
		};
		ACF510CA4DB49E0824382FA0 /* [CP] Check Pods Manifest.lock */ = {
			isa = PBXShellScriptBuildPhase;
			buildActionMask = 2147483647;
			files = (
			);
			inputPaths = (
				"${PODS_PODFILE_DIR_PATH}/Podfile.lock",
				"${PODS_ROOT}/Manifest.lock",
			);
			name = "[CP] Check Pods Manifest.lock";
			outputPaths = (
				"$(DERIVED_FILE_DIR)/Pods-Rocket.Chat.iOSWatchTests-checkManifestLockResult.txt",
			);
			runOnlyForDeploymentPostprocessing = 0;
			shellPath = /bin/sh;
			shellScript = "diff \"${PODS_PODFILE_DIR_PATH}/Podfile.lock\" \"${PODS_ROOT}/Manifest.lock\" > /dev/null\nif [ $? != 0 ] ; then\n    # print error to STDERR\n    echo \"error: The sandbox is not in sync with the Podfile.lock. Run 'pod install' or update your CocoaPods installation.\" >&2\n    exit 1\nfi\n# This output is used by Xcode 'outputs' to avoid re-running this script phase.\necho \"SUCCESS\" > \"${SCRIPT_OUTPUT_FILE_0}\"\n";
			showEnvVarsInLog = 0;
		};
/* End PBXShellScriptBuildPhase section */

/* Begin PBXSourcesBuildPhase section */
		E21A092B22482E16004328CB /* Sources */ = {
			isa = PBXSourcesBuildPhase;
			buildActionMask = 2147483647;
			files = (
				E21A093522482E16004328CB /* ViewController.swift in Sources */,
				E21A093322482E16004328CB /* AppDelegate.swift in Sources */,
			);
			runOnlyForDeploymentPostprocessing = 0;
		};
		E21A093F22482E18004328CB /* Sources */ = {
			isa = PBXSourcesBuildPhase;
			buildActionMask = 2147483647;
			files = (
				E21A094822482E18004328CB /* Rocket_Chat_iOSWatchTests.swift in Sources */,
			);
			runOnlyForDeploymentPostprocessing = 0;
		};
		E21A094A22482E18004328CB /* Sources */ = {
			isa = PBXSourcesBuildPhase;
			buildActionMask = 2147483647;
			files = (
				E21A095322482E19004328CB /* Rocket_Chat_iOSWatchUITests.swift in Sources */,
			);
			runOnlyForDeploymentPostprocessing = 0;
		};
		E21A096222482E19004328CB /* Sources */ = {
			isa = PBXSourcesBuildPhase;
			buildActionMask = 2147483647;
			files = (
				E201862D2249803700A8A7CA /* API+User.swift in Sources */,
				E201862F2249966900A8A7CA /* channelNameRowController.swift in Sources */,
				E21A097022482E19004328CB /* NotificationController.swift in Sources */,
				E21A097222482E19004328CB /* ComplicationController.swift in Sources */,
				E21A096E22482E19004328CB /* ExtensionDelegate.swift in Sources */,
				E21A096C22482E19004328CB /* InterfaceController.swift in Sources */,
			);
			runOnlyForDeploymentPostprocessing = 0;
		};
/* End PBXSourcesBuildPhase section */

/* Begin PBXTargetDependency section */
		E21A094522482E18004328CB /* PBXTargetDependency */ = {
			isa = PBXTargetDependency;
			target = E21A092E22482E16004328CB /* Rocket.Chat.iOSWatch */;
			targetProxy = E21A094422482E18004328CB /* PBXContainerItemProxy */;
		};
		E21A095022482E18004328CB /* PBXTargetDependency */ = {
			isa = PBXTargetDependency;
			target = E21A092E22482E16004328CB /* Rocket.Chat.iOSWatch */;
			targetProxy = E21A094F22482E18004328CB /* PBXContainerItemProxy */;
		};
		E21A095A22482E19004328CB /* PBXTargetDependency */ = {
			isa = PBXTargetDependency;
			target = E21A095622482E19004328CB /* Rocket.Chat.iOSWatch WatchKit App */;
			targetProxy = E21A095922482E19004328CB /* PBXContainerItemProxy */;
		};
		E21A096922482E19004328CB /* PBXTargetDependency */ = {
			isa = PBXTargetDependency;
			target = E21A096522482E19004328CB /* Rocket.Chat.iOSWatch WatchKit Extension */;
			targetProxy = E21A096822482E19004328CB /* PBXContainerItemProxy */;
		};
/* End PBXTargetDependency section */

/* Begin PBXVariantGroup section */
		E21A093622482E16004328CB /* Main.storyboard */ = {
			isa = PBXVariantGroup;
			children = (
				E21A093722482E16004328CB /* Base */,
			);
			name = Main.storyboard;
			sourceTree = "<group>";
		};
		E21A093B22482E18004328CB /* LaunchScreen.storyboard */ = {
			isa = PBXVariantGroup;
			children = (
				E21A093C22482E18004328CB /* Base */,
			);
			name = LaunchScreen.storyboard;
			sourceTree = "<group>";
		};
		E21A095C22482E19004328CB /* Interface.storyboard */ = {
			isa = PBXVariantGroup;
			children = (
				E21A095D22482E19004328CB /* Base */,
			);
			name = Interface.storyboard;
			sourceTree = "<group>";
		};
/* End PBXVariantGroup section */

/* Begin XCBuildConfiguration section */
		E21A097722482E1A004328CB /* Debug */ = {
			isa = XCBuildConfiguration;
			buildSettings = {
				ALWAYS_SEARCH_USER_PATHS = NO;
				CLANG_ANALYZER_NONNULL = YES;
				CLANG_ANALYZER_NUMBER_OBJECT_CONVERSION = YES_AGGRESSIVE;
				CLANG_CXX_LANGUAGE_STANDARD = "gnu++14";
				CLANG_CXX_LIBRARY = "libc++";
				CLANG_ENABLE_MODULES = YES;
				CLANG_ENABLE_OBJC_ARC = YES;
				CLANG_ENABLE_OBJC_WEAK = YES;
				CLANG_WARN_BLOCK_CAPTURE_AUTORELEASING = YES;
				CLANG_WARN_BOOL_CONVERSION = YES;
				CLANG_WARN_COMMA = YES;
				CLANG_WARN_CONSTANT_CONVERSION = YES;
				CLANG_WARN_DEPRECATED_OBJC_IMPLEMENTATIONS = YES;
				CLANG_WARN_DIRECT_OBJC_ISA_USAGE = YES_ERROR;
				CLANG_WARN_DOCUMENTATION_COMMENTS = YES;
				CLANG_WARN_EMPTY_BODY = YES;
				CLANG_WARN_ENUM_CONVERSION = YES;
				CLANG_WARN_INFINITE_RECURSION = YES;
				CLANG_WARN_INT_CONVERSION = YES;
				CLANG_WARN_NON_LITERAL_NULL_CONVERSION = YES;
				CLANG_WARN_OBJC_IMPLICIT_RETAIN_SELF = YES;
				CLANG_WARN_OBJC_LITERAL_CONVERSION = YES;
				CLANG_WARN_OBJC_ROOT_CLASS = YES_ERROR;
				CLANG_WARN_RANGE_LOOP_ANALYSIS = YES;
				CLANG_WARN_STRICT_PROTOTYPES = YES;
				CLANG_WARN_SUSPICIOUS_MOVE = YES;
				CLANG_WARN_UNGUARDED_AVAILABILITY = YES_AGGRESSIVE;
				CLANG_WARN_UNREACHABLE_CODE = YES;
				CLANG_WARN__DUPLICATE_METHOD_MATCH = YES;
				CODE_SIGN_IDENTITY = "iPhone Developer";
				COPY_PHASE_STRIP = NO;
				DEBUG_INFORMATION_FORMAT = dwarf;
				ENABLE_STRICT_OBJC_MSGSEND = YES;
				ENABLE_TESTABILITY = YES;
				GCC_C_LANGUAGE_STANDARD = gnu11;
				GCC_DYNAMIC_NO_PIC = NO;
				GCC_NO_COMMON_BLOCKS = YES;
				GCC_OPTIMIZATION_LEVEL = 0;
				GCC_PREPROCESSOR_DEFINITIONS = (
					"DEBUG=1",
					"$(inherited)",
				);
				GCC_WARN_64_TO_32_BIT_CONVERSION = YES;
				GCC_WARN_ABOUT_RETURN_TYPE = YES_ERROR;
				GCC_WARN_UNDECLARED_SELECTOR = YES;
				GCC_WARN_UNINITIALIZED_AUTOS = YES_AGGRESSIVE;
				GCC_WARN_UNUSED_FUNCTION = YES;
				GCC_WARN_UNUSED_VARIABLE = YES;
				IPHONEOS_DEPLOYMENT_TARGET = 12.0;
				MTL_ENABLE_DEBUG_INFO = INCLUDE_SOURCE;
				MTL_FAST_MATH = YES;
				ONLY_ACTIVE_ARCH = YES;
				SDKROOT = iphoneos;
				SWIFT_ACTIVE_COMPILATION_CONDITIONS = DEBUG;
				SWIFT_OPTIMIZATION_LEVEL = "-Onone";
			};
			name = Debug;
		};
		E21A097822482E1A004328CB /* Release */ = {
			isa = XCBuildConfiguration;
			buildSettings = {
				ALWAYS_SEARCH_USER_PATHS = NO;
				CLANG_ANALYZER_NONNULL = YES;
				CLANG_ANALYZER_NUMBER_OBJECT_CONVERSION = YES_AGGRESSIVE;
				CLANG_CXX_LANGUAGE_STANDARD = "gnu++14";
				CLANG_CXX_LIBRARY = "libc++";
				CLANG_ENABLE_MODULES = YES;
				CLANG_ENABLE_OBJC_ARC = YES;
				CLANG_ENABLE_OBJC_WEAK = YES;
				CLANG_WARN_BLOCK_CAPTURE_AUTORELEASING = YES;
				CLANG_WARN_BOOL_CONVERSION = YES;
				CLANG_WARN_COMMA = YES;
				CLANG_WARN_CONSTANT_CONVERSION = YES;
				CLANG_WARN_DEPRECATED_OBJC_IMPLEMENTATIONS = YES;
				CLANG_WARN_DIRECT_OBJC_ISA_USAGE = YES_ERROR;
				CLANG_WARN_DOCUMENTATION_COMMENTS = YES;
				CLANG_WARN_EMPTY_BODY = YES;
				CLANG_WARN_ENUM_CONVERSION = YES;
				CLANG_WARN_INFINITE_RECURSION = YES;
				CLANG_WARN_INT_CONVERSION = YES;
				CLANG_WARN_NON_LITERAL_NULL_CONVERSION = YES;
				CLANG_WARN_OBJC_IMPLICIT_RETAIN_SELF = YES;
				CLANG_WARN_OBJC_LITERAL_CONVERSION = YES;
				CLANG_WARN_OBJC_ROOT_CLASS = YES_ERROR;
				CLANG_WARN_RANGE_LOOP_ANALYSIS = YES;
				CLANG_WARN_STRICT_PROTOTYPES = YES;
				CLANG_WARN_SUSPICIOUS_MOVE = YES;
				CLANG_WARN_UNGUARDED_AVAILABILITY = YES_AGGRESSIVE;
				CLANG_WARN_UNREACHABLE_CODE = YES;
				CLANG_WARN__DUPLICATE_METHOD_MATCH = YES;
				CODE_SIGN_IDENTITY = "iPhone Developer";
				COPY_PHASE_STRIP = NO;
				DEBUG_INFORMATION_FORMAT = "dwarf-with-dsym";
				ENABLE_NS_ASSERTIONS = NO;
				ENABLE_STRICT_OBJC_MSGSEND = YES;
				GCC_C_LANGUAGE_STANDARD = gnu11;
				GCC_NO_COMMON_BLOCKS = YES;
				GCC_WARN_64_TO_32_BIT_CONVERSION = YES;
				GCC_WARN_ABOUT_RETURN_TYPE = YES_ERROR;
				GCC_WARN_UNDECLARED_SELECTOR = YES;
				GCC_WARN_UNINITIALIZED_AUTOS = YES_AGGRESSIVE;
				GCC_WARN_UNUSED_FUNCTION = YES;
				GCC_WARN_UNUSED_VARIABLE = YES;
				IPHONEOS_DEPLOYMENT_TARGET = 12.0;
				MTL_ENABLE_DEBUG_INFO = NO;
				MTL_FAST_MATH = YES;
				SDKROOT = iphoneos;
				SWIFT_COMPILATION_MODE = wholemodule;
				SWIFT_OPTIMIZATION_LEVEL = "-O";
				VALIDATE_PRODUCT = YES;
			};
			name = Release;
		};
		E21A097A22482E1A004328CB /* Debug */ = {
			isa = XCBuildConfiguration;
			baseConfigurationReference = B291B11942E1592909D575A6 /* Pods-Rocket.Chat.iOSWatch WatchKit Extension.debug.xcconfig */;
			buildSettings = {
				ASSETCATALOG_COMPILER_COMPLICATION_NAME = Complication;
				CODE_SIGN_STYLE = Automatic;
				INFOPLIST_FILE = "Rocket.Chat.iOSWatch WatchKit Extension/Info.plist";
				LD_RUNPATH_SEARCH_PATHS = (
					"$(inherited)",
					"@executable_path/Frameworks",
					"@executable_path/../../Frameworks",
				);
				PRODUCT_BUNDLE_IDENTIFIER = "com.test.Rocket-Chat-iOSWatch.watchkitapp.watchkitextension";
				PRODUCT_NAME = "${TARGET_NAME}";
				SDKROOT = watchos;
				SKIP_INSTALL = YES;
				SWIFT_VERSION = 4.2;
				TARGETED_DEVICE_FAMILY = 4;
				WATCHOS_DEPLOYMENT_TARGET = 5.0;
			};
			name = Debug;
		};
		E21A097B22482E1A004328CB /* Release */ = {
			isa = XCBuildConfiguration;
			baseConfigurationReference = 5AE47BCD7FADFC5EF01CCB26 /* Pods-Rocket.Chat.iOSWatch WatchKit Extension.release.xcconfig */;
			buildSettings = {
				ASSETCATALOG_COMPILER_COMPLICATION_NAME = Complication;
				CODE_SIGN_STYLE = Automatic;
				INFOPLIST_FILE = "Rocket.Chat.iOSWatch WatchKit Extension/Info.plist";
				LD_RUNPATH_SEARCH_PATHS = (
					"$(inherited)",
					"@executable_path/Frameworks",
					"@executable_path/../../Frameworks",
				);
				PRODUCT_BUNDLE_IDENTIFIER = "com.test.Rocket-Chat-iOSWatch.watchkitapp.watchkitextension";
				PRODUCT_NAME = "${TARGET_NAME}";
				SDKROOT = watchos;
				SKIP_INSTALL = YES;
				SWIFT_VERSION = 4.2;
				TARGETED_DEVICE_FAMILY = 4;
				WATCHOS_DEPLOYMENT_TARGET = 5.0;
			};
			name = Release;
		};
		E21A097E22482E1A004328CB /* Debug */ = {
			isa = XCBuildConfiguration;
			baseConfigurationReference = 176654B9BDCC3E5A13F18BBB /* Pods-Rocket.Chat.iOSWatch WatchKit App.debug.xcconfig */;
			buildSettings = {
				ALWAYS_EMBED_SWIFT_STANDARD_LIBRARIES = YES;
				ASSETCATALOG_COMPILER_APPICON_NAME = AppIcon;
				CODE_SIGN_STYLE = Automatic;
				IBSC_MODULE = Rocket_Chat_iOSWatch_WatchKit_Extension;
				INFOPLIST_FILE = "Rocket.Chat.iOSWatch WatchKit App/Info.plist";
				PRODUCT_BUNDLE_IDENTIFIER = "com.test.Rocket-Chat-iOSWatch.watchkitapp";
				PRODUCT_NAME = "$(TARGET_NAME)";
				SDKROOT = watchos;
				SKIP_INSTALL = YES;
				SWIFT_VERSION = 4.2;
				TARGETED_DEVICE_FAMILY = 4;
				WATCHOS_DEPLOYMENT_TARGET = 5.0;
			};
			name = Debug;
		};
		E21A097F22482E1A004328CB /* Release */ = {
			isa = XCBuildConfiguration;
			baseConfigurationReference = EB8EB6E8682F309119ED19DE /* Pods-Rocket.Chat.iOSWatch WatchKit App.release.xcconfig */;
			buildSettings = {
				ALWAYS_EMBED_SWIFT_STANDARD_LIBRARIES = YES;
				ASSETCATALOG_COMPILER_APPICON_NAME = AppIcon;
				CODE_SIGN_STYLE = Automatic;
				IBSC_MODULE = Rocket_Chat_iOSWatch_WatchKit_Extension;
				INFOPLIST_FILE = "Rocket.Chat.iOSWatch WatchKit App/Info.plist";
				PRODUCT_BUNDLE_IDENTIFIER = "com.test.Rocket-Chat-iOSWatch.watchkitapp";
				PRODUCT_NAME = "$(TARGET_NAME)";
				SDKROOT = watchos;
				SKIP_INSTALL = YES;
				SWIFT_VERSION = 4.2;
				TARGETED_DEVICE_FAMILY = 4;
				WATCHOS_DEPLOYMENT_TARGET = 5.0;
			};
			name = Release;
		};
		E21A098222482E1A004328CB /* Debug */ = {
			isa = XCBuildConfiguration;
			baseConfigurationReference = F67C8CF3CE83127B9D8D401C /* Pods-Rocket.Chat.iOSWatch.debug.xcconfig */;
			buildSettings = {
				ASSETCATALOG_COMPILER_APPICON_NAME = AppIcon;
				CODE_SIGN_STYLE = Automatic;
				INFOPLIST_FILE = Rocket.Chat.iOSWatch/Info.plist;
				LD_RUNPATH_SEARCH_PATHS = (
					"$(inherited)",
					"@executable_path/Frameworks",
				);
				PRODUCT_BUNDLE_IDENTIFIER = "com.test.Rocket-Chat-iOSWatch";
				PRODUCT_NAME = "$(TARGET_NAME)";
				SWIFT_VERSION = 4.2;
				TARGETED_DEVICE_FAMILY = "1,2";
			};
			name = Debug;
		};
		E21A098322482E1A004328CB /* Release */ = {
			isa = XCBuildConfiguration;
			baseConfigurationReference = C07FDBF5EB91C90E20FB84FA /* Pods-Rocket.Chat.iOSWatch.release.xcconfig */;
			buildSettings = {
				ASSETCATALOG_COMPILER_APPICON_NAME = AppIcon;
				CODE_SIGN_STYLE = Automatic;
				INFOPLIST_FILE = Rocket.Chat.iOSWatch/Info.plist;
				LD_RUNPATH_SEARCH_PATHS = (
					"$(inherited)",
					"@executable_path/Frameworks",
				);
				PRODUCT_BUNDLE_IDENTIFIER = "com.test.Rocket-Chat-iOSWatch";
				PRODUCT_NAME = "$(TARGET_NAME)";
				SWIFT_VERSION = 4.2;
				TARGETED_DEVICE_FAMILY = "1,2";
			};
			name = Release;
		};
		E21A098522482E1A004328CB /* Debug */ = {
			isa = XCBuildConfiguration;
			baseConfigurationReference = 7895D4E6FC96257BC659455F /* Pods-Rocket.Chat.iOSWatchTests.debug.xcconfig */;
			buildSettings = {
				ALWAYS_EMBED_SWIFT_STANDARD_LIBRARIES = YES;
				BUNDLE_LOADER = "$(TEST_HOST)";
				CODE_SIGN_STYLE = Automatic;
				INFOPLIST_FILE = Rocket.Chat.iOSWatchTests/Info.plist;
				LD_RUNPATH_SEARCH_PATHS = (
					"$(inherited)",
					"@executable_path/Frameworks",
					"@loader_path/Frameworks",
				);
				PRODUCT_BUNDLE_IDENTIFIER = "com.test.Rocket-Chat-iOSWatchTests";
				PRODUCT_NAME = "$(TARGET_NAME)";
				SWIFT_VERSION = 4.2;
				TARGETED_DEVICE_FAMILY = "1,2";
				TEST_HOST = "$(BUILT_PRODUCTS_DIR)/Rocket.Chat.iOSWatch.app/Rocket.Chat.iOSWatch";
			};
			name = Debug;
		};
		E21A098622482E1A004328CB /* Release */ = {
			isa = XCBuildConfiguration;
			baseConfigurationReference = 6E568469621F50C1133FEBAE /* Pods-Rocket.Chat.iOSWatchTests.release.xcconfig */;
			buildSettings = {
				ALWAYS_EMBED_SWIFT_STANDARD_LIBRARIES = YES;
				BUNDLE_LOADER = "$(TEST_HOST)";
				CODE_SIGN_STYLE = Automatic;
				INFOPLIST_FILE = Rocket.Chat.iOSWatchTests/Info.plist;
				LD_RUNPATH_SEARCH_PATHS = (
					"$(inherited)",
					"@executable_path/Frameworks",
					"@loader_path/Frameworks",
				);
				PRODUCT_BUNDLE_IDENTIFIER = "com.test.Rocket-Chat-iOSWatchTests";
				PRODUCT_NAME = "$(TARGET_NAME)";
				SWIFT_VERSION = 4.2;
				TARGETED_DEVICE_FAMILY = "1,2";
				TEST_HOST = "$(BUILT_PRODUCTS_DIR)/Rocket.Chat.iOSWatch.app/Rocket.Chat.iOSWatch";
			};
			name = Release;
		};
		E21A098822482E1A004328CB /* Debug */ = {
			isa = XCBuildConfiguration;
			baseConfigurationReference = F7A4F884A5643764025BC952 /* Pods-Rocket.Chat.iOSWatchUITests.debug.xcconfig */;
			buildSettings = {
				ALWAYS_EMBED_SWIFT_STANDARD_LIBRARIES = YES;
				CODE_SIGN_STYLE = Automatic;
				INFOPLIST_FILE = Rocket.Chat.iOSWatchUITests/Info.plist;
				LD_RUNPATH_SEARCH_PATHS = (
					"$(inherited)",
					"@executable_path/Frameworks",
					"@loader_path/Frameworks",
				);
				PRODUCT_BUNDLE_IDENTIFIER = "com.test.Rocket-Chat-iOSWatchUITests";
				PRODUCT_NAME = "$(TARGET_NAME)";
				SWIFT_VERSION = 4.2;
				TARGETED_DEVICE_FAMILY = "1,2";
				TEST_TARGET_NAME = Rocket.Chat.iOSWatch;
			};
			name = Debug;
		};
		E21A098922482E1A004328CB /* Release */ = {
			isa = XCBuildConfiguration;
			baseConfigurationReference = AF652207567545259C90E54C /* Pods-Rocket.Chat.iOSWatchUITests.release.xcconfig */;
			buildSettings = {
				ALWAYS_EMBED_SWIFT_STANDARD_LIBRARIES = YES;
				CODE_SIGN_STYLE = Automatic;
				INFOPLIST_FILE = Rocket.Chat.iOSWatchUITests/Info.plist;
				LD_RUNPATH_SEARCH_PATHS = (
					"$(inherited)",
					"@executable_path/Frameworks",
					"@loader_path/Frameworks",
				);
				PRODUCT_BUNDLE_IDENTIFIER = "com.test.Rocket-Chat-iOSWatchUITests";
				PRODUCT_NAME = "$(TARGET_NAME)";
				SWIFT_VERSION = 4.2;
				TARGETED_DEVICE_FAMILY = "1,2";
				TEST_TARGET_NAME = Rocket.Chat.iOSWatch;
			};
			name = Release;
		};
/* End XCBuildConfiguration section */

/* Begin XCConfigurationList section */
		E21A092A22482E16004328CB /* Build configuration list for PBXProject "Rocket.Chat.iOSWatch" */ = {
			isa = XCConfigurationList;
			buildConfigurations = (
				E21A097722482E1A004328CB /* Debug */,
				E21A097822482E1A004328CB /* Release */,
			);
			defaultConfigurationIsVisible = 0;
			defaultConfigurationName = Release;
		};
		E21A097922482E1A004328CB /* Build configuration list for PBXNativeTarget "Rocket.Chat.iOSWatch WatchKit Extension" */ = {
			isa = XCConfigurationList;
			buildConfigurations = (
				E21A097A22482E1A004328CB /* Debug */,
				E21A097B22482E1A004328CB /* Release */,
			);
			defaultConfigurationIsVisible = 0;
			defaultConfigurationName = Release;
		};
		E21A097D22482E1A004328CB /* Build configuration list for PBXNativeTarget "Rocket.Chat.iOSWatch WatchKit App" */ = {
			isa = XCConfigurationList;
			buildConfigurations = (
				E21A097E22482E1A004328CB /* Debug */,
				E21A097F22482E1A004328CB /* Release */,
			);
			defaultConfigurationIsVisible = 0;
			defaultConfigurationName = Release;
		};
		E21A098122482E1A004328CB /* Build configuration list for PBXNativeTarget "Rocket.Chat.iOSWatch" */ = {
			isa = XCConfigurationList;
			buildConfigurations = (
				E21A098222482E1A004328CB /* Debug */,
				E21A098322482E1A004328CB /* Release */,
			);
			defaultConfigurationIsVisible = 0;
			defaultConfigurationName = Release;
		};
		E21A098422482E1A004328CB /* Build configuration list for PBXNativeTarget "Rocket.Chat.iOSWatchTests" */ = {
			isa = XCConfigurationList;
			buildConfigurations = (
				E21A098522482E1A004328CB /* Debug */,
				E21A098622482E1A004328CB /* Release */,
			);
			defaultConfigurationIsVisible = 0;
			defaultConfigurationName = Release;
		};
		E21A098722482E1A004328CB /* Build configuration list for PBXNativeTarget "Rocket.Chat.iOSWatchUITests" */ = {
			isa = XCConfigurationList;
			buildConfigurations = (
				E21A098822482E1A004328CB /* Debug */,
				E21A098922482E1A004328CB /* Release */,
			);
			defaultConfigurationIsVisible = 0;
			defaultConfigurationName = Release;
		};
/* End XCConfigurationList section */
	};
	rootObject = E21A092722482E16004328CB /* Project object */;
}
